
Microsoft Visual Studio Solution File, Format Version 12.00
# Visual Studio Version 17
VisualStudioVersion = 17.13.35919.96 d17.13
MinimumVisualStudioVersion = 10.0.40219.1
Project("{FAE04EC0-301F-11D3-BF4B-00C04F79EFBC}") = "Books_api", "Books_api\Books_api.csproj", "{37C60081-68F9-48AA-A462-AFC6F6984D89}"
EndProject
Global
	GlobalSection(SolutionConfigurationPlatforms) = preSolution
		Debug|Any CPU = Debug|Any CPU
		Release|Any CPU = Release|Any CPU
	EndGlobalSection
	GlobalSection(ProjectConfigurationPlatforms) = postSolution
		{37C60081-68F9-48AA-A462-AFC6F6984D89}.Debug|Any CPU.ActiveCfg = Debug|Any CPU
		{37C60081-68F9-48AA-A462-AFC6F6984D89}.Debug|Any CPU.Build.0 = Debug|Any CPU
		{37C60081-68F9-48AA-A462-AFC6F6984D89}.Release|Any CPU.ActiveCfg = Release|Any CPU
		{37C60081-68F9-48AA-A462-AFC6F6984D89}.Release|Any CPU.Build.0 = Release|Any CPU
	EndGlobalSection
	GlobalSection(SolutionProperties) = preSolution
		HideSolutionNode = FALSE
	EndGlobalSection
	GlobalSection(ExtensibilityGlobals) = postSolution
		SolutionGuid = {0E4CB7CC-8714-4464-B1C7-BB289E334D7C}
	EndGlobalSection
EndGlobal
